// !$*UTF8*$!
{
	archiveVersion = 1;
	classes = {
	};
	objectVersion = 51;
	objects = {

/* Begin PBXBuildFile section */
		0D8A8A07E37111A7EDD2CC22 /* Pods_FinalTest.framework in Frameworks */ = {isa = PBXBuildFile; fileRef = FB50E9E9364C8288CFE17BDF /* Pods_FinalTest.framework */; };
		30ECBA852398F7760009E8EF /* AppDelegate.swift in Sources */ = {isa = PBXBuildFile; fileRef = 30ECBA842398F7760009E8EF /* AppDelegate.swift */; };
		30ECBA872398F7760009E8EF /* SceneDelegate.swift in Sources */ = {isa = PBXBuildFile; fileRef = 30ECBA862398F7760009E8EF /* SceneDelegate.swift */; };
		30ECBA8C2398F7760009E8EF /* Main.storyboard in Resources */ = {isa = PBXBuildFile; fileRef = 30ECBA8A2398F7760009E8EF /* Main.storyboard */; };
		30ECBA8E2398F77A0009E8EF /* Assets.xcassets in Resources */ = {isa = PBXBuildFile; fileRef = 30ECBA8D2398F77A0009E8EF /* Assets.xcassets */; };
		30ECBA912398F77A0009E8EF /* LaunchScreen.storyboard in Resources */ = {isa = PBXBuildFile; fileRef = 30ECBA8F2398F77A0009E8EF /* LaunchScreen.storyboard */; };
		30ECBA9C2398F77A0009E8EF /* FinalTestTests.swift in Sources */ = {isa = PBXBuildFile; fileRef = 30ECBA9B2398F77A0009E8EF /* FinalTestTests.swift */; };
		30ECBAA72398F77A0009E8EF /* FinalTestUITests.swift in Sources */ = {isa = PBXBuildFile; fileRef = 30ECBAA62398F77A0009E8EF /* FinalTestUITests.swift */; };
		30ECBAB62398FDB80009E8EF /* HomeViewController.swift in Sources */ = {isa = PBXBuildFile; fileRef = 30ECBAB42398FDB80009E8EF /* HomeViewController.swift */; };
		30ECBAB72398FDB80009E8EF /* HomeViewController.xib in Resources */ = {isa = PBXBuildFile; fileRef = 30ECBAB52398FDB80009E8EF /* HomeViewController.xib */; };
		30ECBABB2398FF640009E8EF /* HomeTableViewCell.swift in Sources */ = {isa = PBXBuildFile; fileRef = 30ECBAB92398FF640009E8EF /* HomeTableViewCell.swift */; };
		30ECBABC2398FF640009E8EF /* HomeTableViewCell.xib in Resources */ = {isa = PBXBuildFile; fileRef = 30ECBABA2398FF640009E8EF /* HomeTableViewCell.xib */; };
		30EEA3B723A1612E00981692 /* MyPageViewController.swift in Sources */ = {isa = PBXBuildFile; fileRef = 30EEA3B523A1612E00981692 /* MyPageViewController.swift */; };
		30EEA3B823A1612E00981692 /* MyPageViewController.xib in Resources */ = {isa = PBXBuildFile; fileRef = 30EEA3B623A1612E00981692 /* MyPageViewController.xib */; };
		30EEA3BC23A16C7800981692 /* SettingViewController.swift in Sources */ = {isa = PBXBuildFile; fileRef = 30EEA3BA23A16C7800981692 /* SettingViewController.swift */; };
		30EEA3BD23A16C7800981692 /* SettingViewController.xib in Resources */ = {isa = PBXBuildFile; fileRef = 30EEA3BB23A16C7800981692 /* SettingViewController.xib */; };
		648012121CD364A185ECA46F /* Pods_FinalTestTests.framework in Frameworks */ = {isa = PBXBuildFile; fileRef = FD992FE1839F10331A9CF3D3 /* Pods_FinalTestTests.framework */; };
		7116A99CA6B430C24F4C3E87 /* Pods_FinalTestUITests.framework in Frameworks */ = {isa = PBXBuildFile; fileRef = FD8B1AB806540863005623A4 /* Pods_FinalTestUITests.framework */; };
/* End PBXBuildFile section */

/* Begin PBXContainerItemProxy section */
		30ECBA982398F77A0009E8EF /* PBXContainerItemProxy */ = {
			isa = PBXContainerItemProxy;
			containerPortal = 30ECBA792398F7760009E8EF /* Project object */;
			proxyType = 1;
			remoteGlobalIDString = 30ECBA802398F7760009E8EF;
			remoteInfo = FinalTest;
		};
		30ECBAA32398F77A0009E8EF /* PBXContainerItemProxy */ = {
			isa = PBXContainerItemProxy;
			containerPortal = 30ECBA792398F7760009E8EF /* Project object */;
			proxyType = 1;
			remoteGlobalIDString = 30ECBA802398F7760009E8EF;
			remoteInfo = FinalTest;
		};
/* End PBXContainerItemProxy section */

/* Begin PBXFileReference section */
		30ECBA812398F7760009E8EF /* FinalTest.app */ = {isa = PBXFileReference; explicitFileType = wrapper.application; includeInIndex = 0; path = FinalTest.app; sourceTree = BUILT_PRODUCTS_DIR; };
		30ECBA842398F7760009E8EF /* AppDelegate.swift */ = {isa = PBXFileReference; lastKnownFileType = sourcecode.swift; path = AppDelegate.swift; sourceTree = "<group>"; };
		30ECBA862398F7760009E8EF /* SceneDelegate.swift */ = {isa = PBXFileReference; lastKnownFileType = sourcecode.swift; path = SceneDelegate.swift; sourceTree = "<group>"; };
		30ECBA8B2398F7760009E8EF /* Base */ = {isa = PBXFileReference; lastKnownFileType = file.storyboard; name = Base; path = Base.lproj/Main.storyboard; sourceTree = "<group>"; };
		30ECBA8D2398F77A0009E8EF /* Assets.xcassets */ = {isa = PBXFileReference; lastKnownFileType = folder.assetcatalog; path = Assets.xcassets; sourceTree = "<group>"; };
		30ECBA902398F77A0009E8EF /* Base */ = {isa = PBXFileReference; lastKnownFileType = file.storyboard; name = Base; path = Base.lproj/LaunchScreen.storyboard; sourceTree = "<group>"; };
		30ECBA922398F77A0009E8EF /* Info.plist */ = {isa = PBXFileReference; lastKnownFileType = text.plist.xml; path = Info.plist; sourceTree = "<group>"; };
		30ECBA972398F77A0009E8EF /* FinalTestTests.xctest */ = {isa = PBXFileReference; explicitFileType = wrapper.cfbundle; includeInIndex = 0; path = FinalTestTests.xctest; sourceTree = BUILT_PRODUCTS_DIR; };
		30ECBA9B2398F77A0009E8EF /* FinalTestTests.swift */ = {isa = PBXFileReference; lastKnownFileType = sourcecode.swift; path = FinalTestTests.swift; sourceTree = "<group>"; };
		30ECBA9D2398F77A0009E8EF /* Info.plist */ = {isa = PBXFileReference; lastKnownFileType = text.plist.xml; path = Info.plist; sourceTree = "<group>"; };
		30ECBAA22398F77A0009E8EF /* FinalTestUITests.xctest */ = {isa = PBXFileReference; explicitFileType = wrapper.cfbundle; includeInIndex = 0; path = FinalTestUITests.xctest; sourceTree = BUILT_PRODUCTS_DIR; };
		30ECBAA62398F77A0009E8EF /* FinalTestUITests.swift */ = {isa = PBXFileReference; lastKnownFileType = sourcecode.swift; path = FinalTestUITests.swift; sourceTree = "<group>"; };
		30ECBAA82398F77A0009E8EF /* Info.plist */ = {isa = PBXFileReference; lastKnownFileType = text.plist.xml; path = Info.plist; sourceTree = "<group>"; };
		30ECBAB42398FDB80009E8EF /* HomeViewController.swift */ = {isa = PBXFileReference; lastKnownFileType = sourcecode.swift; path = HomeViewController.swift; sourceTree = "<group>"; };
		30ECBAB52398FDB80009E8EF /* HomeViewController.xib */ = {isa = PBXFileReference; lastKnownFileType = file.xib; path = HomeViewController.xib; sourceTree = "<group>"; };
		30ECBAB92398FF640009E8EF /* HomeTableViewCell.swift */ = {isa = PBXFileReference; lastKnownFileType = sourcecode.swift; path = HomeTableViewCell.swift; sourceTree = "<group>"; };
		30ECBABA2398FF640009E8EF /* HomeTableViewCell.xib */ = {isa = PBXFileReference; lastKnownFileType = file.xib; path = HomeTableViewCell.xib; sourceTree = "<group>"; };
		30EEA3B523A1612E00981692 /* MyPageViewController.swift */ = {isa = PBXFileReference; lastKnownFileType = sourcecode.swift; path = MyPageViewController.swift; sourceTree = "<group>"; };
		30EEA3B623A1612E00981692 /* MyPageViewController.xib */ = {isa = PBXFileReference; lastKnownFileType = file.xib; path = MyPageViewController.xib; sourceTree = "<group>"; };
		30EEA3BA23A16C7800981692 /* SettingViewController.swift */ = {isa = PBXFileReference; lastKnownFileType = sourcecode.swift; path = SettingViewController.swift; sourceTree = "<group>"; };
		30EEA3BB23A16C7800981692 /* SettingViewController.xib */ = {isa = PBXFileReference; lastKnownFileType = file.xib; path = SettingViewController.xib; sourceTree = "<group>"; };
		3DB85C8418E4FBA36E669FE6 /* Pods-FinalTest.debug.xcconfig */ = {isa = PBXFileReference; includeInIndex = 1; lastKnownFileType = text.xcconfig; name = "Pods-FinalTest.debug.xcconfig"; path = "Target Support Files/Pods-FinalTest/Pods-FinalTest.debug.xcconfig"; sourceTree = "<group>"; };
		4740153002F430107D1448C8 /* Pods-FinalTestTests.release.xcconfig */ = {isa = PBXFileReference; includeInIndex = 1; lastKnownFileType = text.xcconfig; name = "Pods-FinalTestTests.release.xcconfig"; path = "Target Support Files/Pods-FinalTestTests/Pods-FinalTestTests.release.xcconfig"; sourceTree = "<group>"; };
		7A2378AF953E22CAA17BC526 /* Pods-FinalTestUITests.debug.xcconfig */ = {isa = PBXFileReference; includeInIndex = 1; lastKnownFileType = text.xcconfig; name = "Pods-FinalTestUITests.debug.xcconfig"; path = "Target Support Files/Pods-FinalTestUITests/Pods-FinalTestUITests.debug.xcconfig"; sourceTree = "<group>"; };
		7BC723DCFE163DAC863059B8 /* Pods-FinalTestUITests.release.xcconfig */ = {isa = PBXFileReference; includeInIndex = 1; lastKnownFileType = text.xcconfig; name = "Pods-FinalTestUITests.release.xcconfig"; path = "Target Support Files/Pods-FinalTestUITests/Pods-FinalTestUITests.release.xcconfig"; sourceTree = "<group>"; };
		E619CCB7467703D0B9AA04BE /* Pods-FinalTestTests.debug.xcconfig */ = {isa = PBXFileReference; includeInIndex = 1; lastKnownFileType = text.xcconfig; name = "Pods-FinalTestTests.debug.xcconfig"; path = "Target Support Files/Pods-FinalTestTests/Pods-FinalTestTests.debug.xcconfig"; sourceTree = "<group>"; };
		EB306AFC058BECEBB72DAC38 /* Pods-FinalTest.release.xcconfig */ = {isa = PBXFileReference; includeInIndex = 1; lastKnownFileType = text.xcconfig; name = "Pods-FinalTest.release.xcconfig"; path = "Target Support Files/Pods-FinalTest/Pods-FinalTest.release.xcconfig"; sourceTree = "<group>"; };
		FB50E9E9364C8288CFE17BDF /* Pods_FinalTest.framework */ = {isa = PBXFileReference; explicitFileType = wrapper.framework; includeInIndex = 0; path = Pods_FinalTest.framework; sourceTree = BUILT_PRODUCTS_DIR; };
		FD8B1AB806540863005623A4 /* Pods_FinalTestUITests.framework */ = {isa = PBXFileReference; explicitFileType = wrapper.framework; includeInIndex = 0; path = Pods_FinalTestUITests.framework; sourceTree = BUILT_PRODUCTS_DIR; };
		FD992FE1839F10331A9CF3D3 /* Pods_FinalTestTests.framework */ = {isa = PBXFileReference; explicitFileType = wrapper.framework; includeInIndex = 0; path = Pods_FinalTestTests.framework; sourceTree = BUILT_PRODUCTS_DIR; };
/* End PBXFileReference section */

/* Begin PBXFrameworksBuildPhase section */
		30ECBA7E2398F7760009E8EF /* Frameworks */ = {
			isa = PBXFrameworksBuildPhase;
			buildActionMask = 2147483647;
			files = (
				0D8A8A07E37111A7EDD2CC22 /* Pods_FinalTest.framework in Frameworks */,
			);
			runOnlyForDeploymentPostprocessing = 0;
		};
		30ECBA942398F77A0009E8EF /* Frameworks */ = {
			isa = PBXFrameworksBuildPhase;
			buildActionMask = 2147483647;
			files = (
				648012121CD364A185ECA46F /* Pods_FinalTestTests.framework in Frameworks */,
			);
			runOnlyForDeploymentPostprocessing = 0;
		};
		30ECBA9F2398F77A0009E8EF /* Frameworks */ = {
			isa = PBXFrameworksBuildPhase;
			buildActionMask = 2147483647;
			files = (
				7116A99CA6B430C24F4C3E87 /* Pods_FinalTestUITests.framework in Frameworks */,
			);
			runOnlyForDeploymentPostprocessing = 0;
		};
/* End PBXFrameworksBuildPhase section */

/* Begin PBXGroup section */
		15E94E4043D30107B4930ED7 /* Pods */ = {
			isa = PBXGroup;
			children = (
				3DB85C8418E4FBA36E669FE6 /* Pods-FinalTest.debug.xcconfig */,
				EB306AFC058BECEBB72DAC38 /* Pods-FinalTest.release.xcconfig */,
				E619CCB7467703D0B9AA04BE /* Pods-FinalTestTests.debug.xcconfig */,
				4740153002F430107D1448C8 /* Pods-FinalTestTests.release.xcconfig */,
				7A2378AF953E22CAA17BC526 /* Pods-FinalTestUITests.debug.xcconfig */,
				7BC723DCFE163DAC863059B8 /* Pods-FinalTestUITests.release.xcconfig */,
			);
			path = Pods;
			sourceTree = "<group>";
		};
		30ECBA782398F7760009E8EF = {
			isa = PBXGroup;
			children = (
				30ECBA832398F7760009E8EF /* FinalTest */,
				30ECBA9A2398F77A0009E8EF /* FinalTestTests */,
				30ECBAA52398F77A0009E8EF /* FinalTestUITests */,
				30ECBA822398F7760009E8EF /* Products */,
				15E94E4043D30107B4930ED7 /* Pods */,
				C13228FBEA3F5ED729D3C864 /* Frameworks */,
			);
			sourceTree = "<group>";
		};
		30ECBA822398F7760009E8EF /* Products */ = {
			isa = PBXGroup;
			children = (
				30ECBA812398F7760009E8EF /* FinalTest.app */,
				30ECBA972398F77A0009E8EF /* FinalTestTests.xctest */,
				30ECBAA22398F77A0009E8EF /* FinalTestUITests.xctest */,
			);
			name = Products;
			sourceTree = "<group>";
		};
		30ECBA832398F7760009E8EF /* FinalTest */ = {
			isa = PBXGroup;
			children = (
				30EEA3B423A160F100981692 /* MyPage */,
				30ECBAB82398FF130009E8EF /* Home */,
				30ECBA842398F7760009E8EF /* AppDelegate.swift */,
				30ECBA862398F7760009E8EF /* SceneDelegate.swift */,
				30ECBA8A2398F7760009E8EF /* Main.storyboard */,
				30ECBA8D2398F77A0009E8EF /* Assets.xcassets */,
				30ECBA8F2398F77A0009E8EF /* LaunchScreen.storyboard */,
				30ECBA922398F77A0009E8EF /* Info.plist */,
			);
			path = FinalTest;
			sourceTree = "<group>";
		};
		30ECBA9A2398F77A0009E8EF /* FinalTestTests */ = {
			isa = PBXGroup;
			children = (
				30ECBA9B2398F77A0009E8EF /* FinalTestTests.swift */,
				30ECBA9D2398F77A0009E8EF /* Info.plist */,
			);
			path = FinalTestTests;
			sourceTree = "<group>";
		};
		30ECBAA52398F77A0009E8EF /* FinalTestUITests */ = {
			isa = PBXGroup;
			children = (
				30ECBAA62398F77A0009E8EF /* FinalTestUITests.swift */,
				30ECBAA82398F77A0009E8EF /* Info.plist */,
			);
			path = FinalTestUITests;
			sourceTree = "<group>";
		};
		30ECBAB82398FF130009E8EF /* Home */ = {
			isa = PBXGroup;
			children = (
				30ECBAB42398FDB80009E8EF /* HomeViewController.swift */,
				30ECBAB52398FDB80009E8EF /* HomeViewController.xib */,
				30ECBAB92398FF640009E8EF /* HomeTableViewCell.swift */,
				30ECBABA2398FF640009E8EF /* HomeTableViewCell.xib */,
			);
			path = Home;
			sourceTree = "<group>";
		};
		30EEA3B423A160F100981692 /* MyPage */ = {
			isa = PBXGroup;
			children = (
				30EEA3B523A1612E00981692 /* MyPageViewController.swift */,
				30EEA3B623A1612E00981692 /* MyPageViewController.xib */,
				30EEA3B923A16C3700981692 /* Setting */,
			);
			path = MyPage;
			sourceTree = "<group>";
		};
		30EEA3B923A16C3700981692 /* Setting */ = {
			isa = PBXGroup;
			children = (
				30EEA3BA23A16C7800981692 /* SettingViewController.swift */,
				30EEA3BB23A16C7800981692 /* SettingViewController.xib */,
			);
			path = Setting;
			sourceTree = "<group>";
		};
		C13228FBEA3F5ED729D3C864 /* Frameworks */ = {
			isa = PBXGroup;
			children = (
				FB50E9E9364C8288CFE17BDF /* Pods_FinalTest.framework */,
				FD992FE1839F10331A9CF3D3 /* Pods_FinalTestTests.framework */,
				FD8B1AB806540863005623A4 /* Pods_FinalTestUITests.framework */,
			);
			name = Frameworks;
			sourceTree = "<group>";
		};
/* End PBXGroup section */

/* Begin PBXNativeTarget section */
		30ECBA802398F7760009E8EF /* FinalTest */ = {
			isa = PBXNativeTarget;
			buildConfigurationList = 30ECBAAB2398F77A0009E8EF /* Build configuration list for PBXNativeTarget "FinalTest" */;
			buildPhases = (
				DF84B5D2D1DE01545BFCC8DA /* [CP] Check Pods Manifest.lock */,
				30ECBA7D2398F7760009E8EF /* Sources */,
				30ECBA7E2398F7760009E8EF /* Frameworks */,
				30ECBA7F2398F7760009E8EF /* Resources */,
				3E5D05D8057833222DDB7540 /* [CP] Embed Pods Frameworks */,
			);
			buildRules = (
			);
			dependencies = (
			);
			name = FinalTest;
			productName = FinalTest;
			productReference = 30ECBA812398F7760009E8EF /* FinalTest.app */;
			productType = "com.apple.product-type.application";
		};
		30ECBA962398F77A0009E8EF /* FinalTestTests */ = {
			isa = PBXNativeTarget;
			buildConfigurationList = 30ECBAAE2398F77A0009E8EF /* Build configuration list for PBXNativeTarget "FinalTestTests" */;
			buildPhases = (
				C7A392F2E152AAD9B752399C /* [CP] Check Pods Manifest.lock */,
				30ECBA932398F77A0009E8EF /* Sources */,
				30ECBA942398F77A0009E8EF /* Frameworks */,
				30ECBA952398F77A0009E8EF /* Resources */,
			);
			buildRules = (
			);
			dependencies = (
				30ECBA992398F77A0009E8EF /* PBXTargetDependency */,
			);
			name = FinalTestTests;
			productName = FinalTestTests;
			productReference = 30ECBA972398F77A0009E8EF /* FinalTestTests.xctest */;
			productType = "com.apple.product-type.bundle.unit-test";
		};
		30ECBAA12398F77A0009E8EF /* FinalTestUITests */ = {
			isa = PBXNativeTarget;
			buildConfigurationList = 30ECBAB12398F77A0009E8EF /* Build configuration list for PBXNativeTarget "FinalTestUITests" */;
			buildPhases = (
				1CA4CE2AE08BC59547547C9B /* [CP] Check Pods Manifest.lock */,
				30ECBA9E2398F77A0009E8EF /* Sources */,
				30ECBA9F2398F77A0009E8EF /* Frameworks */,
				30ECBAA02398F77A0009E8EF /* Resources */,
			);
			buildRules = (
			);
			dependencies = (
				30ECBAA42398F77A0009E8EF /* PBXTargetDependency */,
			);
			name = FinalTestUITests;
			productName = FinalTestUITests;
			productReference = 30ECBAA22398F77A0009E8EF /* FinalTestUITests.xctest */;
			productType = "com.apple.product-type.bundle.ui-testing";
		};
/* End PBXNativeTarget section */

/* Begin PBXProject section */
		30ECBA792398F7760009E8EF /* Project object */ = {
			isa = PBXProject;
			attributes = {
				LastSwiftUpdateCheck = 1110;
				LastUpgradeCheck = 1110;
				ORGANIZATIONNAME = "宮崎真";
				TargetAttributes = {
					30ECBA802398F7760009E8EF = {
						CreatedOnToolsVersion = 11.1;
					};
					30ECBA962398F77A0009E8EF = {
						CreatedOnToolsVersion = 11.1;
						TestTargetID = 30ECBA802398F7760009E8EF;
					};
					30ECBAA12398F77A0009E8EF = {
						CreatedOnToolsVersion = 11.1;
						TestTargetID = 30ECBA802398F7760009E8EF;
					};
				};
			};
			buildConfigurationList = 30ECBA7C2398F7760009E8EF /* Build configuration list for PBXProject "FinalTest" */;
			compatibilityVersion = "Xcode 9.3";
			developmentRegion = en;
			hasScannedForEncodings = 0;
			knownRegions = (
				en,
				Base,
			);
			mainGroup = 30ECBA782398F7760009E8EF;
			productRefGroup = 30ECBA822398F7760009E8EF /* Products */;
			projectDirPath = "";
			projectRoot = "";
			targets = (
				30ECBA802398F7760009E8EF /* FinalTest */,
				30ECBA962398F77A0009E8EF /* FinalTestTests */,
				30ECBAA12398F77A0009E8EF /* FinalTestUITests */,
			);
		};
/* End PBXProject section */

/* Begin PBXResourcesBuildPhase section */
		30ECBA7F2398F7760009E8EF /* Resources */ = {
			isa = PBXResourcesBuildPhase;
			buildActionMask = 2147483647;
			files = (
				30EEA3BD23A16C7800981692 /* SettingViewController.xib in Resources */,
				30ECBA912398F77A0009E8EF /* LaunchScreen.storyboard in Resources */,
				30ECBA8E2398F77A0009E8EF /* Assets.xcassets in Resources */,
				30ECBA8C2398F7760009E8EF /* Main.storyboard in Resources */,
				30ECBABC2398FF640009E8EF /* HomeTableViewCell.xib in Resources */,
				30ECBAB72398FDB80009E8EF /* HomeViewController.xib in Resources */,
				30EEA3B823A1612E00981692 /* MyPageViewController.xib in Resources */,
			);
			runOnlyForDeploymentPostprocessing = 0;
		};
		30ECBA952398F77A0009E8EF /* Resources */ = {
			isa = PBXResourcesBuildPhase;
			buildActionMask = 2147483647;
			files = (
			);
			runOnlyForDeploymentPostprocessing = 0;
		};
		30ECBAA02398F77A0009E8EF /* Resources */ = {
			isa = PBXResourcesBuildPhase;
			buildActionMask = 2147483647;
			files = (
			);
			runOnlyForDeploymentPostprocessing = 0;
		};
/* End PBXResourcesBuildPhase section */

/* Begin PBXShellScriptBuildPhase section */
		1CA4CE2AE08BC59547547C9B /* [CP] Check Pods Manifest.lock */ = {
			isa = PBXShellScriptBuildPhase;
			buildActionMask = 2147483647;
			files = (
			);
			inputFileListPaths = (
			);
			inputPaths = (
				"${PODS_PODFILE_DIR_PATH}/Podfile.lock",
				"${PODS_ROOT}/Manifest.lock",
			);
			name = "[CP] Check Pods Manifest.lock";
			outputFileListPaths = (
			);
			outputPaths = (
				"$(DERIVED_FILE_DIR)/Pods-FinalTestUITests-checkManifestLockResult.txt",
			);
			runOnlyForDeploymentPostprocessing = 0;
			shellPath = /bin/sh;
			shellScript = "diff \"${PODS_PODFILE_DIR_PATH}/Podfile.lock\" \"${PODS_ROOT}/Manifest.lock\" > /dev/null\nif [ $? != 0 ] ; then\n    # print error to STDERR\n    echo \"error: The sandbox is not in sync with the Podfile.lock. Run 'pod install' or update your CocoaPods installation.\" >&2\n    exit 1\nfi\n# This output is used by Xcode 'outputs' to avoid re-running this script phase.\necho \"SUCCESS\" > \"${SCRIPT_OUTPUT_FILE_0}\"\n";
			showEnvVarsInLog = 0;
		};
		3E5D05D8057833222DDB7540 /* [CP] Embed Pods Frameworks */ = {
			isa = PBXShellScriptBuildPhase;
			buildActionMask = 2147483647;
			files = (
			);
			inputFileListPaths = (
				"${PODS_ROOT}/Target Support Files/Pods-FinalTest/Pods-FinalTest-frameworks-${CONFIGURATION}-input-files.xcfilelist",
			);
			name = "[CP] Embed Pods Frameworks";
			outputFileListPaths = (
				"${PODS_ROOT}/Target Support Files/Pods-FinalTest/Pods-FinalTest-frameworks-${CONFIGURATION}-output-files.xcfilelist",
			);
			runOnlyForDeploymentPostprocessing = 0;
			shellPath = /bin/sh;
			shellScript = "\"${PODS_ROOT}/Target Support Files/Pods-FinalTest/Pods-FinalTest-frameworks.sh\"\n";
			showEnvVarsInLog = 0;
		};
		C7A392F2E152AAD9B752399C /* [CP] Check Pods Manifest.lock */ = {
			isa = PBXShellScriptBuildPhase;
			buildActionMask = 2147483647;
			files = (
			);
			inputFileListPaths = (
			);
			inputPaths = (
				"${PODS_PODFILE_DIR_PATH}/Podfile.lock",
				"${PODS_ROOT}/Manifest.lock",
			);
			name = "[CP] Check Pods Manifest.lock";
			outputFileListPaths = (
			);
			outputPaths = (
				"$(DERIVED_FILE_DIR)/Pods-FinalTestTests-checkManifestLockResult.txt",
			);
			runOnlyForDeploymentPostprocessing = 0;
			shellPath = /bin/sh;
			shellScript = "diff \"${PODS_PODFILE_DIR_PATH}/Podfile.lock\" \"${PODS_ROOT}/Manifest.lock\" > /dev/null\nif [ $? != 0 ] ; then\n    # print error to STDERR\n    echo \"error: The sandbox is not in sync with the Podfile.lock. Run 'pod install' or update your CocoaPods installation.\" >&2\n    exit 1\nfi\n# This output is used by Xcode 'outputs' to avoid re-running this script phase.\necho \"SUCCESS\" > \"${SCRIPT_OUTPUT_FILE_0}\"\n";
			showEnvVarsInLog = 0;
		};
		DF84B5D2D1DE01545BFCC8DA /* [CP] Check Pods Manifest.lock */ = {
			isa = PBXShellScriptBuildPhase;
			buildActionMask = 2147483647;
			files = (
			);
			inputFileListPaths = (
			);
			inputPaths = (
				"${PODS_PODFILE_DIR_PATH}/Podfile.lock",
				"${PODS_ROOT}/Manifest.lock",
			);
			name = "[CP] Check Pods Manifest.lock";
			outputFileListPaths = (
			);
			outputPaths = (
				"$(DERIVED_FILE_DIR)/Pods-FinalTest-checkManifestLockResult.txt",
			);
			runOnlyForDeploymentPostprocessing = 0;
			shellPath = /bin/sh;
			shellScript = "diff \"${PODS_PODFILE_DIR_PATH}/Podfile.lock\" \"${PODS_ROOT}/Manifest.lock\" > /dev/null\nif [ $? != 0 ] ; then\n    # print error to STDERR\n    echo \"error: The sandbox is not in sync with the Podfile.lock. Run 'pod install' or update your CocoaPods installation.\" >&2\n    exit 1\nfi\n# This output is used by Xcode 'outputs' to avoid re-running this script phase.\necho \"SUCCESS\" > \"${SCRIPT_OUTPUT_FILE_0}\"\n";
			showEnvVarsInLog = 0;
		};
/* End PBXShellScriptBuildPhase section */

/* Begin PBXSourcesBuildPhase section */
		30ECBA7D2398F7760009E8EF /* Sources */ = {
			isa = PBXSourcesBuildPhase;
			buildActionMask = 2147483647;
			files = (
				30EEA3B723A1612E00981692 /* MyPageViewController.swift in Sources */,
				30ECBA852398F7760009E8EF /* AppDelegate.swift in Sources */,
				30ECBA872398F7760009E8EF /* SceneDelegate.swift in Sources */,
				30ECBABB2398FF640009E8EF /* HomeTableViewCell.swift in Sources */,
				30ECBAB62398FDB80009E8EF /* HomeViewController.swift in Sources */,
				30EEA3BC23A16C7800981692 /* SettingViewController.swift in Sources */,
			);
			runOnlyForDeploymentPostprocessing = 0;
		};
		30ECBA932398F77A0009E8EF /* Sources */ = {
			isa = PBXSourcesBuildPhase;
			buildActionMask = 2147483647;
			files = (
				30ECBA9C2398F77A0009E8EF /* FinalTestTests.swift in Sources */,
			);
			runOnlyForDeploymentPostprocessing = 0;
		};
		30ECBA9E2398F77A0009E8EF /* Sources */ = {
			isa = PBXSourcesBuildPhase;
			buildActionMask = 2147483647;
			files = (
				30ECBAA72398F77A0009E8EF /* FinalTestUITests.swift in Sources */,
			);
			runOnlyForDeploymentPostprocessing = 0;
		};
/* End PBXSourcesBuildPhase section */

/* Begin PBXTargetDependency section */
		30ECBA992398F77A0009E8EF /* PBXTargetDependency */ = {
			isa = PBXTargetDependency;
			target = 30ECBA802398F7760009E8EF /* FinalTest */;
			targetProxy = 30ECBA982398F77A0009E8EF /* PBXContainerItemProxy */;
		};
		30ECBAA42398F77A0009E8EF /* PBXTargetDependency */ = {
			isa = PBXTargetDependency;
			target = 30ECBA802398F7760009E8EF /* FinalTest */;
			targetProxy = 30ECBAA32398F77A0009E8EF /* PBXContainerItemProxy */;
		};
/* End PBXTargetDependency section */

/* Begin PBXVariantGroup section */
		30ECBA8A2398F7760009E8EF /* Main.storyboard */ = {
			isa = PBXVariantGroup;
			children = (
				30ECBA8B2398F7760009E8EF /* Base */,
			);
			name = Main.storyboard;
			sourceTree = "<group>";
		};
		30ECBA8F2398F77A0009E8EF /* LaunchScreen.storyboard */ = {
			isa = PBXVariantGroup;
			children = (
				30ECBA902398F77A0009E8EF /* Base */,
			);
			name = LaunchScreen.storyboard;
			sourceTree = "<group>";
		};
/* End PBXVariantGroup section */

/* Begin XCBuildConfiguration section */
		30ECBAA92398F77A0009E8EF /* Debug */ = {
			isa = XCBuildConfiguration;
			buildSettings = {
				ALWAYS_SEARCH_USER_PATHS = NO;
				CLANG_ANALYZER_NONNULL = YES;
				CLANG_ANALYZER_NUMBER_OBJECT_CONVERSION = YES_AGGRESSIVE;
				CLANG_CXX_LANGUAGE_STANDARD = "gnu++14";
				CLANG_CXX_LIBRARY = "libc++";
				CLANG_ENABLE_MODULES = YES;
				CLANG_ENABLE_OBJC_ARC = YES;
				CLANG_ENABLE_OBJC_WEAK = YES;
				CLANG_WARN_BLOCK_CAPTURE_AUTORELEASING = YES;
				CLANG_WARN_BOOL_CONVERSION = YES;
				CLANG_WARN_COMMA = YES;
				CLANG_WARN_CONSTANT_CONVERSION = YES;
				CLANG_WARN_DEPRECATED_OBJC_IMPLEMENTATIONS = YES;
				CLANG_WARN_DIRECT_OBJC_ISA_USAGE = YES_ERROR;
				CLANG_WARN_DOCUMENTATION_COMMENTS = YES;
				CLANG_WARN_EMPTY_BODY = YES;
				CLANG_WARN_ENUM_CONVERSION = YES;
				CLANG_WARN_INFINITE_RECURSION = YES;
				CLANG_WARN_INT_CONVERSION = YES;
				CLANG_WARN_NON_LITERAL_NULL_CONVERSION = YES;
				CLANG_WARN_OBJC_IMPLICIT_RETAIN_SELF = YES;
				CLANG_WARN_OBJC_LITERAL_CONVERSION = YES;
				CLANG_WARN_OBJC_ROOT_CLASS = YES_ERROR;
				CLANG_WARN_RANGE_LOOP_ANALYSIS = YES;
				CLANG_WARN_STRICT_PROTOTYPES = YES;
				CLANG_WARN_SUSPICIOUS_MOVE = YES;
				CLANG_WARN_UNGUARDED_AVAILABILITY = YES_AGGRESSIVE;
				CLANG_WARN_UNREACHABLE_CODE = YES;
				CLANG_WARN__DUPLICATE_METHOD_MATCH = YES;
				COPY_PHASE_STRIP = NO;
				DEBUG_INFORMATION_FORMAT = dwarf;
				ENABLE_STRICT_OBJC_MSGSEND = YES;
				ENABLE_TESTABILITY = YES;
				GCC_C_LANGUAGE_STANDARD = gnu11;
				GCC_DYNAMIC_NO_PIC = NO;
				GCC_NO_COMMON_BLOCKS = YES;
				GCC_OPTIMIZATION_LEVEL = 0;
				GCC_PREPROCESSOR_DEFINITIONS = (
					"DEBUG=1",
					"$(inherited)",
				);
				GCC_WARN_64_TO_32_BIT_CONVERSION = YES;
				GCC_WARN_ABOUT_RETURN_TYPE = YES_ERROR;
				GCC_WARN_UNDECLARED_SELECTOR = YES;
				GCC_WARN_UNINITIALIZED_AUTOS = YES_AGGRESSIVE;
				GCC_WARN_UNUSED_FUNCTION = YES;
				GCC_WARN_UNUSED_VARIABLE = YES;
				IPHONEOS_DEPLOYMENT_TARGET = 13.1;
				MTL_ENABLE_DEBUG_INFO = INCLUDE_SOURCE;
				MTL_FAST_MATH = YES;
				ONLY_ACTIVE_ARCH = YES;
				SDKROOT = iphoneos;
				SWIFT_ACTIVE_COMPILATION_CONDITIONS = DEBUG;
				SWIFT_OPTIMIZATION_LEVEL = "-Onone";
			};
			name = Debug;
		};
		30ECBAAA2398F77A0009E8EF /* Release */ = {
			isa = XCBuildConfiguration;
			buildSettings = {
				ALWAYS_SEARCH_USER_PATHS = NO;
				CLANG_ANALYZER_NONNULL = YES;
				CLANG_ANALYZER_NUMBER_OBJECT_CONVERSION = YES_AGGRESSIVE;
				CLANG_CXX_LANGUAGE_STANDARD = "gnu++14";
				CLANG_CXX_LIBRARY = "libc++";
				CLANG_ENABLE_MODULES = YES;
				CLANG_ENABLE_OBJC_ARC = YES;
				CLANG_ENABLE_OBJC_WEAK = YES;
				CLANG_WARN_BLOCK_CAPTURE_AUTORELEASING = YES;
				CLANG_WARN_BOOL_CONVERSION = YES;
				CLANG_WARN_COMMA = YES;
				CLANG_WARN_CONSTANT_CONVERSION = YES;
				CLANG_WARN_DEPRECATED_OBJC_IMPLEMENTATIONS = YES;
				CLANG_WARN_DIRECT_OBJC_ISA_USAGE = YES_ERROR;
				CLANG_WARN_DOCUMENTATION_COMMENTS = YES;
				CLANG_WARN_EMPTY_BODY = YES;
				CLANG_WARN_ENUM_CONVERSION = YES;
				CLANG_WARN_INFINITE_RECURSION = YES;
				CLANG_WARN_INT_CONVERSION = YES;
				CLANG_WARN_NON_LITERAL_NULL_CONVERSION = YES;
				CLANG_WARN_OBJC_IMPLICIT_RETAIN_SELF = YES;
				CLANG_WARN_OBJC_LITERAL_CONVERSION = YES;
				CLANG_WARN_OBJC_ROOT_CLASS = YES_ERROR;
				CLANG_WARN_RANGE_LOOP_ANALYSIS = YES;
				CLANG_WARN_STRICT_PROTOTYPES = YES;
				CLANG_WARN_SUSPICIOUS_MOVE = YES;
				CLANG_WARN_UNGUARDED_AVAILABILITY = YES_AGGRESSIVE;
				CLANG_WARN_UNREACHABLE_CODE = YES;
				CLANG_WARN__DUPLICATE_METHOD_MATCH = YES;
				COPY_PHASE_STRIP = NO;
				DEBUG_INFORMATION_FORMAT = "dwarf-with-dsym";
				ENABLE_NS_ASSERTIONS = NO;
				ENABLE_STRICT_OBJC_MSGSEND = YES;
				GCC_C_LANGUAGE_STANDARD = gnu11;
				GCC_NO_COMMON_BLOCKS = YES;
				GCC_WARN_64_TO_32_BIT_CONVERSION = YES;
				GCC_WARN_ABOUT_RETURN_TYPE = YES_ERROR;
				GCC_WARN_UNDECLARED_SELECTOR = YES;
				GCC_WARN_UNINITIALIZED_AUTOS = YES_AGGRESSIVE;
				GCC_WARN_UNUSED_FUNCTION = YES;
				GCC_WARN_UNUSED_VARIABLE = YES;
				IPHONEOS_DEPLOYMENT_TARGET = 13.1;
				MTL_ENABLE_DEBUG_INFO = NO;
				MTL_FAST_MATH = YES;
				SDKROOT = iphoneos;
				SWIFT_COMPILATION_MODE = wholemodule;
				SWIFT_OPTIMIZATION_LEVEL = "-O";
				VALIDATE_PRODUCT = YES;
			};
			name = Release;
		};
		30ECBAAC2398F77A0009E8EF /* Debug */ = {
			isa = XCBuildConfiguration;
			baseConfigurationReference = 3DB85C8418E4FBA36E669FE6 /* Pods-FinalTest.debug.xcconfig */;
			buildSettings = {
				ASSETCATALOG_COMPILER_APPICON_NAME = AppIcon;
				CODE_SIGN_STYLE = Automatic;
				DEVELOPMENT_TEAM = 34FY747UQ7;
				INFOPLIST_FILE = FinalTest/Info.plist;
				LD_RUNPATH_SEARCH_PATHS = (
					"$(inherited)",
					"@executable_path/Frameworks",
				);
				PRODUCT_BUNDLE_IDENTIFIER = com.example.someone.FinalTest;
				PRODUCT_NAME = "$(TARGET_NAME)";
				SWIFT_VERSION = 5.0;
				TARGETED_DEVICE_FAMILY = "1,2";
			};
			name = Debug;
		};
		30ECBAAD2398F77A0009E8EF /* Release */ = {
			isa = XCBuildConfiguration;
			baseConfigurationReference = EB306AFC058BECEBB72DAC38 /* Pods-FinalTest.release.xcconfig */;
			buildSettings = {
				ASSETCATALOG_COMPILER_APPICON_NAME = AppIcon;
				CODE_SIGN_STYLE = Automatic;
				DEVELOPMENT_TEAM = 34FY747UQ7;
				INFOPLIST_FILE = FinalTest/Info.plist;
				LD_RUNPATH_SEARCH_PATHS = (
					"$(inherited)",
					"@executable_path/Frameworks",
				);
				PRODUCT_BUNDLE_IDENTIFIER = com.example.someone.FinalTest;
				PRODUCT_NAME = "$(TARGET_NAME)";
				SWIFT_VERSION = 5.0;
				TARGETED_DEVICE_FAMILY = "1,2";
			};
			name = Release;
		};
		30ECBAAF2398F77A0009E8EF /* Debug */ = {
			isa = XCBuildConfiguration;
			baseConfigurationReference = E619CCB7467703D0B9AA04BE /* Pods-FinalTestTests.debug.xcconfig */;
			buildSettings = {
				ALWAYS_EMBED_SWIFT_STANDARD_LIBRARIES = YES;
				BUNDLE_LOADER = "$(TEST_HOST)";
				CODE_SIGN_STYLE = Automatic;
				DEVELOPMENT_TEAM = 34FY747UQ7;
				INFOPLIST_FILE = FinalTestTests/Info.plist;
				IPHONEOS_DEPLOYMENT_TARGET = 13.1;
				LD_RUNPATH_SEARCH_PATHS = (
					"$(inherited)",
					"@executable_path/Frameworks",
					"@loader_path/Frameworks",
				);
				PRODUCT_BUNDLE_IDENTIFIER = com.example.someone.FinalTestTests;
				PRODUCT_NAME = "$(TARGET_NAME)";
				SWIFT_VERSION = 5.0;
				TARGETED_DEVICE_FAMILY = "1,2";
				TEST_HOST = "$(BUILT_PRODUCTS_DIR)/FinalTest.app/FinalTest";
			};
			name = Debug;
		};
		30ECBAB02398F77A0009E8EF /* Release */ = {
			isa = XCBuildConfiguration;
			baseConfigurationReference = 4740153002F430107D1448C8 /* Pods-FinalTestTests.release.xcconfig */;
			buildSettings = {
				ALWAYS_EMBED_SWIFT_STANDARD_LIBRARIES = YES;
				BUNDLE_LOADER = "$(TEST_HOST)";
				CODE_SIGN_STYLE = Automatic;
				DEVELOPMENT_TEAM = 34FY747UQ7;
				INFOPLIST_FILE = FinalTestTests/Info.plist;
				IPHONEOS_DEPLOYMENT_TARGET = 13.1;
				LD_RUNPATH_SEARCH_PATHS = (
					"$(inherited)",
					"@executable_path/Frameworks",
					"@loader_path/Frameworks",
				);
				PRODUCT_BUNDLE_IDENTIFIER = com.example.someone.FinalTestTests;
				PRODUCT_NAME = "$(TARGET_NAME)";
				SWIFT_VERSION = 5.0;
				TARGETED_DEVICE_FAMILY = "1,2";
				TEST_HOST = "$(BUILT_PRODUCTS_DIR)/FinalTest.app/FinalTest";
			};
			name = Release;
		};
		30ECBAB22398F77A0009E8EF /* Debug */ = {
			isa = XCBuildConfiguration;
			baseConfigurationReference = 7A2378AF953E22CAA17BC526 /* Pods-FinalTestUITests.debug.xcconfig */;
			buildSettings = {
				ALWAYS_EMBED_SWIFT_STANDARD_LIBRARIES = YES;
				CODE_SIGN_STYLE = Automatic;
				DEVELOPMENT_TEAM = 34FY747UQ7;
				INFOPLIST_FILE = FinalTestUITests/Info.plist;
				LD_RUNPATH_SEARCH_PATHS = (
					"$(inherited)",
					"@executable_path/Frameworks",
					"@loader_path/Frameworks",
				);
				PRODUCT_BUNDLE_IDENTIFIER = com.example.someone.FinalTestUITests;
				PRODUCT_NAME = "$(TARGET_NAME)";
				SWIFT_VERSION = 5.0;
				TARGETED_DEVICE_FAMILY = "1,2";
				TEST_TARGET_NAME = FinalTest;
			};
			name = Debug;
		};
		30ECBAB32398F77A0009E8EF /* Release */ = {
			isa = XCBuildConfiguration;
			baseConfigurationReference = 7BC723DCFE163DAC863059B8 /* Pods-FinalTestUITests.release.xcconfig */;
			buildSettings = {
				ALWAYS_EMBED_SWIFT_STANDARD_LIBRARIES = YES;
				CODE_SIGN_STYLE = Automatic;
				DEVELOPMENT_TEAM = 34FY747UQ7;
				INFOPLIST_FILE = FinalTestUITests/Info.plist;
				LD_RUNPATH_SEARCH_PATHS = (
					"$(inherited)",
					"@executable_path/Frameworks",
					"@loader_path/Frameworks",
				);
				PRODUCT_BUNDLE_IDENTIFIER = com.example.someone.FinalTestUITests;
				PRODUCT_NAME = "$(TARGET_NAME)";
				SWIFT_VERSION = 5.0;
				TARGETED_DEVICE_FAMILY = "1,2";
				TEST_TARGET_NAME = FinalTest;
			};
			name = Release;
		};
/* End XCBuildConfiguration section */

/* Begin XCConfigurationList section */
		30ECBA7C2398F7760009E8EF /* Build configuration list for PBXProject "FinalTest" */ = {
			isa = XCConfigurationList;
			buildConfigurations = (
				30ECBAA92398F77A0009E8EF /* Debug */,
				30ECBAAA2398F77A0009E8EF /* Release */,
			);
			defaultConfigurationIsVisible = 0;
			defaultConfigurationName = Release;
		};
		30ECBAAB2398F77A0009E8EF /* Build configuration list for PBXNativeTarget "FinalTest" */ = {
			isa = XCConfigurationList;
			buildConfigurations = (
				30ECBAAC2398F77A0009E8EF /* Debug */,
				30ECBAAD2398F77A0009E8EF /* Release */,
			);
			defaultConfigurationIsVisible = 0;
			defaultConfigurationName = Release;
		};
		30ECBAAE2398F77A0009E8EF /* Build configuration list for PBXNativeTarget "FinalTestTests" */ = {
			isa = XCConfigurationList;
			buildConfigurations = (
				30ECBAAF2398F77A0009E8EF /* Debug */,
				30ECBAB02398F77A0009E8EF /* Release */,
			);
			defaultConfigurationIsVisible = 0;
			defaultConfigurationName = Release;
		};
		30ECBAB12398F77A0009E8EF /* Build configuration list for PBXNativeTarget "FinalTestUITests" */ = {
			isa = XCConfigurationList;
			buildConfigurations = (
				30ECBAB22398F77A0009E8EF /* Debug */,
				30ECBAB32398F77A0009E8EF /* Release */,
			);
			defaultConfigurationIsVisible = 0;
			defaultConfigurationName = Release;
		};
/* End XCConfigurationList section */
	};
	rootObject = 30ECBA792398F7760009E8EF /* Project object */;
}
